// !$*UTF8*$!
{
	archiveVersion = 1;
	classes = {
	};
	objectVersion = 46;
	objects = {

/* Begin PBXBuildFile section */
		8B279D331C14C44B0023D244 /* AnimalBannerStyle.swift in Sources */ = {isa = PBXBuildFile; fileRef = 8B279D321C14C44B0023D244 /* AnimalBannerStyle.swift */; };
		A09D91DC1E78653400FA27F3 /* ShareViewController.swift in Sources */ = {isa = PBXBuildFile; fileRef = A09D91DB1E78653400FA27F3 /* ShareViewController.swift */; };
		A09D91DF1E78653400FA27F3 /* MainInterface.storyboard in Resources */ = {isa = PBXBuildFile; fileRef = A09D91DD1E78653400FA27F3 /* MainInterface.storyboard */; };
		A09D91E31E78653400FA27F3 /* OwlBannersShareDemo.appex in Embed App Extensions */ = {isa = PBXBuildFile; fileRef = A09D91D91E78653400FA27F3 /* OwlBannersShareDemo.appex */; settings = {ATTRIBUTES = (RemoveHeadersOnCopy, ); }; };
		A09D91E81E78659900FA27F3 /* OwlBanners.framework in Frameworks */ = {isa = PBXBuildFile; fileRef = AF6DE98A1BC70D570001598E /* OwlBanners.framework */; };
		AF6DE94B1BC70CD00001598E /* AppDelegate.swift in Sources */ = {isa = PBXBuildFile; fileRef = AF6DE94A1BC70CD00001598E /* AppDelegate.swift */; };
		AF6DE9551BC70CD00001598E /* LaunchScreen.storyboard in Resources */ = {isa = PBXBuildFile; fileRef = AF6DE9531BC70CD00001598E /* LaunchScreen.storyboard */; };
		AF6DE98D1BC70DAE0001598E /* Assets.xcassets in Resources */ = {isa = PBXBuildFile; fileRef = AF6DE98C1BC70DAE0001598E /* Assets.xcassets */; };
		AF6DE9941BC70DBF0001598E /* CatBannerView.xib in Resources */ = {isa = PBXBuildFile; fileRef = AF6DE98E1BC70DBF0001598E /* CatBannerView.xib */; };
		AF6DE9951BC70DBF0001598E /* DogBannerView.swift in Sources */ = {isa = PBXBuildFile; fileRef = AF6DE98F1BC70DBF0001598E /* DogBannerView.swift */; };
		AF6DE9961BC70DBF0001598E /* DogBannerView.xib in Resources */ = {isa = PBXBuildFile; fileRef = AF6DE9901BC70DBF0001598E /* DogBannerView.xib */; };
		AF6DE9971BC70DBF0001598E /* Main.storyboard in Resources */ = {isa = PBXBuildFile; fileRef = AF6DE9911BC70DBF0001598E /* Main.storyboard */; };
		AF6DE9981BC70DBF0001598E /* MainViewController.swift in Sources */ = {isa = PBXBuildFile; fileRef = AF6DE9921BC70DBF0001598E /* MainViewController.swift */; };
		AF6DE9991BC70DBF0001598E /* TestViewController.swift in Sources */ = {isa = PBXBuildFile; fileRef = AF6DE9931BC70DBF0001598E /* TestViewController.swift */; };
		AF6DE99A1BC70DDF0001598E /* OwlBanners.framework in Frameworks */ = {isa = PBXBuildFile; fileRef = AF6DE98A1BC70D570001598E /* OwlBanners.framework */; };
		F636B4621CD0182A00A927F2 /* OwlBanners.framework in Embed Frameworks */ = {isa = PBXBuildFile; fileRef = AF6DE98A1BC70D570001598E /* OwlBanners.framework */; settings = {ATTRIBUTES = (CodeSignOnCopy, RemoveHeadersOnCopy, ); }; };
/* End PBXBuildFile section */

/* Begin PBXContainerItemProxy section */
		A09D91E11E78653400FA27F3 /* PBXContainerItemProxy */ = {
			isa = PBXContainerItemProxy;
			containerPortal = AF6DE93F1BC70CD00001598E /* Project object */;
			proxyType = 1;
			remoteGlobalIDString = A09D91D81E78653400FA27F3;
			remoteInfo = OwlBannersShareDemo;
		};
		AF6DE9891BC70D570001598E /* PBXContainerItemProxy */ = {
			isa = PBXContainerItemProxy;
			containerPortal = AF6DE9851BC70D570001598E /* OwlBanners.xcodeproj */;
			proxyType = 2;
			remoteGlobalIDString = AF6DE9331BC70CB40001598E;
			remoteInfo = OwlBanners;
		};
		F636B4631CD0182B00A927F2 /* PBXContainerItemProxy */ = {
			isa = PBXContainerItemProxy;
			containerPortal = AF6DE9851BC70D570001598E /* OwlBanners.xcodeproj */;
			proxyType = 1;
			remoteGlobalIDString = AF6DE9321BC70CB40001598E;
			remoteInfo = OwlBanners;
		};
/* End PBXContainerItemProxy section */

/* Begin PBXCopyFilesBuildPhase section */
		A09D91E71E78653400FA27F3 /* Embed App Extensions */ = {
			isa = PBXCopyFilesBuildPhase;
			buildActionMask = 2147483647;
			dstPath = "";
			dstSubfolderSpec = 13;
			files = (
				A09D91E31E78653400FA27F3 /* OwlBannersShareDemo.appex in Embed App Extensions */,
			);
			name = "Embed App Extensions";
			runOnlyForDeploymentPostprocessing = 0;
		};
		F636B4651CD0182B00A927F2 /* Embed Frameworks */ = {
			isa = PBXCopyFilesBuildPhase;
			buildActionMask = 2147483647;
			dstPath = "";
			dstSubfolderSpec = 10;
			files = (
				F636B4621CD0182A00A927F2 /* OwlBanners.framework in Embed Frameworks */,
			);
			name = "Embed Frameworks";
			runOnlyForDeploymentPostprocessing = 0;
		};
/* End PBXCopyFilesBuildPhase section */

/* Begin PBXFileReference section */
		8B279D321C14C44B0023D244 /* AnimalBannerStyle.swift */ = {isa = PBXFileReference; fileEncoding = 4; lastKnownFileType = sourcecode.swift; path = AnimalBannerStyle.swift; sourceTree = "<group>"; };
		A09D91D91E78653400FA27F3 /* OwlBannersShareDemo.appex */ = {isa = PBXFileReference; explicitFileType = "wrapper.app-extension"; includeInIndex = 0; path = OwlBannersShareDemo.appex; sourceTree = BUILT_PRODUCTS_DIR; };
		A09D91DB1E78653400FA27F3 /* ShareViewController.swift */ = {isa = PBXFileReference; lastKnownFileType = sourcecode.swift; path = ShareViewController.swift; sourceTree = "<group>"; };
		A09D91DE1E78653400FA27F3 /* Base */ = {isa = PBXFileReference; lastKnownFileType = file.storyboard; name = Base; path = Base.lproj/MainInterface.storyboard; sourceTree = "<group>"; };
		A09D91E01E78653400FA27F3 /* Info.plist */ = {isa = PBXFileReference; lastKnownFileType = text.plist.xml; path = Info.plist; sourceTree = "<group>"; };
		AF6DE9471BC70CD00001598E /* OwlBannersDemo.app */ = {isa = PBXFileReference; explicitFileType = wrapper.application; includeInIndex = 0; path = OwlBannersDemo.app; sourceTree = BUILT_PRODUCTS_DIR; };
		AF6DE94A1BC70CD00001598E /* AppDelegate.swift */ = {isa = PBXFileReference; lastKnownFileType = sourcecode.swift; path = AppDelegate.swift; sourceTree = "<group>"; };
		AF6DE9541BC70CD00001598E /* Base */ = {isa = PBXFileReference; lastKnownFileType = file.storyboard; name = Base; path = Base.lproj/LaunchScreen.storyboard; sourceTree = "<group>"; };
		AF6DE9561BC70CD00001598E /* Info.plist */ = {isa = PBXFileReference; lastKnownFileType = text.plist.xml; path = Info.plist; sourceTree = "<group>"; };
		AF6DE9851BC70D570001598E /* OwlBanners.xcodeproj */ = {isa = PBXFileReference; lastKnownFileType = "wrapper.pb-project"; name = OwlBanners.xcodeproj; path = ../OwlBanners.xcodeproj; sourceTree = "<group>"; };
		AF6DE98C1BC70DAE0001598E /* Assets.xcassets */ = {isa = PBXFileReference; lastKnownFileType = folder.assetcatalog; path = Assets.xcassets; sourceTree = "<group>"; };
		AF6DE98E1BC70DBF0001598E /* CatBannerView.xib */ = {isa = PBXFileReference; fileEncoding = 4; lastKnownFileType = file.xib; path = CatBannerView.xib; sourceTree = "<group>"; };
		AF6DE98F1BC70DBF0001598E /* DogBannerView.swift */ = {isa = PBXFileReference; fileEncoding = 4; lastKnownFileType = sourcecode.swift; path = DogBannerView.swift; sourceTree = "<group>"; };
		AF6DE9901BC70DBF0001598E /* DogBannerView.xib */ = {isa = PBXFileReference; fileEncoding = 4; lastKnownFileType = file.xib; path = DogBannerView.xib; sourceTree = "<group>"; };
		AF6DE9911BC70DBF0001598E /* Main.storyboard */ = {isa = PBXFileReference; fileEncoding = 4; lastKnownFileType = file.storyboard; path = Main.storyboard; sourceTree = "<group>"; };
		AF6DE9921BC70DBF0001598E /* MainViewController.swift */ = {isa = PBXFileReference; fileEncoding = 4; lastKnownFileType = sourcecode.swift; path = MainViewController.swift; sourceTree = "<group>"; };
		AF6DE9931BC70DBF0001598E /* TestViewController.swift */ = {isa = PBXFileReference; fileEncoding = 4; lastKnownFileType = sourcecode.swift; path = TestViewController.swift; sourceTree = "<group>"; };
/* End PBXFileReference section */

/* Begin PBXFrameworksBuildPhase section */
		A09D91D61E78653400FA27F3 /* Frameworks */ = {
			isa = PBXFrameworksBuildPhase;
			buildActionMask = 2147483647;
			files = (
				A09D91E81E78659900FA27F3 /* OwlBanners.framework in Frameworks */,
			);
			runOnlyForDeploymentPostprocessing = 0;
		};
		AF6DE9441BC70CD00001598E /* Frameworks */ = {
			isa = PBXFrameworksBuildPhase;
			buildActionMask = 2147483647;
			files = (
				AF6DE99A1BC70DDF0001598E /* OwlBanners.framework in Frameworks */,
			);
			runOnlyForDeploymentPostprocessing = 0;
		};
/* End PBXFrameworksBuildPhase section */

/* Begin PBXGroup section */
		A09D91DA1E78653400FA27F3 /* OwlBannersShareDemo */ = {
			isa = PBXGroup;
			children = (
				A09D91DB1E78653400FA27F3 /* ShareViewController.swift */,
				A09D91DD1E78653400FA27F3 /* MainInterface.storyboard */,
				A09D91E01E78653400FA27F3 /* Info.plist */,
			);
			path = OwlBannersShareDemo;
			sourceTree = "<group>";
		};
		AF6DE93E1BC70CD00001598E = {
			isa = PBXGroup;
			children = (
				AF6DE9491BC70CD00001598E /* OwlBannersDemo */,
				A09D91DA1E78653400FA27F3 /* OwlBannersShareDemo */,
				AF6DE9481BC70CD00001598E /* Products */,
				AF6DE9851BC70D570001598E /* OwlBanners.xcodeproj */,
			);
			sourceTree = "<group>";
		};
		AF6DE9481BC70CD00001598E /* Products */ = {
			isa = PBXGroup;
			children = (
				AF6DE9471BC70CD00001598E /* OwlBannersDemo.app */,
				A09D91D91E78653400FA27F3 /* OwlBannersShareDemo.appex */,
			);
			name = Products;
			sourceTree = "<group>";
		};
		AF6DE9491BC70CD00001598E /* OwlBannersDemo */ = {
			isa = PBXGroup;
			children = (
				AF6DE98E1BC70DBF0001598E /* CatBannerView.xib */,
				AF6DE98F1BC70DBF0001598E /* DogBannerView.swift */,
				AF6DE9901BC70DBF0001598E /* DogBannerView.xib */,
				AF6DE9911BC70DBF0001598E /* Main.storyboard */,
				AF6DE9921BC70DBF0001598E /* MainViewController.swift */,
				8B279D321C14C44B0023D244 /* AnimalBannerStyle.swift */,
				AF6DE9931BC70DBF0001598E /* TestViewController.swift */,
				AF6DE94A1BC70CD00001598E /* AppDelegate.swift */,
				AF6DE98C1BC70DAE0001598E /* Assets.xcassets */,
				AF6DE9531BC70CD00001598E /* LaunchScreen.storyboard */,
				AF6DE9561BC70CD00001598E /* Info.plist */,
			);
			path = OwlBannersDemo;
			sourceTree = "<group>";
		};
		AF6DE9861BC70D570001598E /* Products */ = {
			isa = PBXGroup;
			children = (
				AF6DE98A1BC70D570001598E /* OwlBanners.framework */,
			);
			name = Products;
			sourceTree = "<group>";
		};
/* End PBXGroup section */

/* Begin PBXNativeTarget section */
		A09D91D81E78653400FA27F3 /* OwlBannersShareDemo */ = {
			isa = PBXNativeTarget;
			buildConfigurationList = A09D91E41E78653400FA27F3 /* Build configuration list for PBXNativeTarget "OwlBannersShareDemo" */;
			buildPhases = (
				A09D91D51E78653400FA27F3 /* Sources */,
				A09D91D61E78653400FA27F3 /* Frameworks */,
				A09D91D71E78653400FA27F3 /* Resources */,
			);
			buildRules = (
			);
			dependencies = (
			);
			name = OwlBannersShareDemo;
			productName = OwlBannersShareDemo;
			productReference = A09D91D91E78653400FA27F3 /* OwlBannersShareDemo.appex */;
			productType = "com.apple.product-type.app-extension";
		};
		AF6DE9461BC70CD00001598E /* OwlBannersDemo */ = {
			isa = PBXNativeTarget;
			buildConfigurationList = AF6DE9591BC70CD00001598E /* Build configuration list for PBXNativeTarget "OwlBannersDemo" */;
			buildPhases = (
				AF6DE9431BC70CD00001598E /* Sources */,
				AF6DE9441BC70CD00001598E /* Frameworks */,
				AF6DE9451BC70CD00001598E /* Resources */,
				F636B4651CD0182B00A927F2 /* Embed Frameworks */,
				A09D91E71E78653400FA27F3 /* Embed App Extensions */,
			);
			buildRules = (
			);
			dependencies = (
				F636B4641CD0182B00A927F2 /* PBXTargetDependency */,
				A09D91E21E78653400FA27F3 /* PBXTargetDependency */,
			);
			name = OwlBannersDemo;
			productName = OwlBannersDemo;
			productReference = AF6DE9471BC70CD00001598E /* OwlBannersDemo.app */;
			productType = "com.apple.product-type.application";
		};
/* End PBXNativeTarget section */

/* Begin PBXProject section */
		AF6DE93F1BC70CD00001598E /* Project object */ = {
			isa = PBXProject;
			attributes = {
				LastSwiftUpdateCheck = 0820;
				LastUpgradeCheck = 0810;
				ORGANIZATIONNAME = Hootsuite;
				TargetAttributes = {
					A09D91D81E78653400FA27F3 = {
						CreatedOnToolsVersion = 8.2.1;
						DevelopmentTeam = 48LVUDF3S3;
						ProvisioningStyle = Automatic;
					};
					AF6DE9461BC70CD00001598E = {
						CreatedOnToolsVersion = 7.1;
						DevelopmentTeam = 48LVUDF3S3;
						LastSwiftMigration = 0810;
					};
				};
			};
			buildConfigurationList = AF6DE9421BC70CD00001598E /* Build configuration list for PBXProject "OwlBannersDemo" */;
			compatibilityVersion = "Xcode 3.2";
			developmentRegion = English;
			hasScannedForEncodings = 0;
			knownRegions = (
				en,
				Base,
			);
			mainGroup = AF6DE93E1BC70CD00001598E;
			productRefGroup = AF6DE9481BC70CD00001598E /* Products */;
			projectDirPath = "";
			projectReferences = (
				{
					ProductGroup = AF6DE9861BC70D570001598E /* Products */;
					ProjectRef = AF6DE9851BC70D570001598E /* OwlBanners.xcodeproj */;
				},
			);
			projectRoot = "";
			targets = (
				AF6DE9461BC70CD00001598E /* OwlBannersDemo */,
				A09D91D81E78653400FA27F3 /* OwlBannersShareDemo */,
			);
		};
/* End PBXProject section */

/* Begin PBXReferenceProxy section */
		AF6DE98A1BC70D570001598E /* OwlBanners.framework */ = {
			isa = PBXReferenceProxy;
			fileType = wrapper.framework;
			path = OwlBanners.framework;
			remoteRef = AF6DE9891BC70D570001598E /* PBXContainerItemProxy */;
			sourceTree = BUILT_PRODUCTS_DIR;
		};
/* End PBXReferenceProxy section */

/* Begin PBXResourcesBuildPhase section */
		A09D91D71E78653400FA27F3 /* Resources */ = {
			isa = PBXResourcesBuildPhase;
			buildActionMask = 2147483647;
			files = (
				A09D91DF1E78653400FA27F3 /* MainInterface.storyboard in Resources */,
			);
			runOnlyForDeploymentPostprocessing = 0;
		};
		AF6DE9451BC70CD00001598E /* Resources */ = {
			isa = PBXResourcesBuildPhase;
			buildActionMask = 2147483647;
			files = (
				AF6DE9941BC70DBF0001598E /* CatBannerView.xib in Resources */,
				AF6DE9971BC70DBF0001598E /* Main.storyboard in Resources */,
				AF6DE9961BC70DBF0001598E /* DogBannerView.xib in Resources */,
				AF6DE98D1BC70DAE0001598E /* Assets.xcassets in Resources */,
				AF6DE9551BC70CD00001598E /* LaunchScreen.storyboard in Resources */,
			);
			runOnlyForDeploymentPostprocessing = 0;
		};
/* End PBXResourcesBuildPhase section */

/* Begin PBXSourcesBuildPhase section */
		A09D91D51E78653400FA27F3 /* Sources */ = {
			isa = PBXSourcesBuildPhase;
			buildActionMask = 2147483647;
			files = (
				A09D91DC1E78653400FA27F3 /* ShareViewController.swift in Sources */,
			);
			runOnlyForDeploymentPostprocessing = 0;
		};
		AF6DE9431BC70CD00001598E /* Sources */ = {
			isa = PBXSourcesBuildPhase;
			buildActionMask = 2147483647;
			files = (
				AF6DE9981BC70DBF0001598E /* MainViewController.swift in Sources */,
				AF6DE94B1BC70CD00001598E /* AppDelegate.swift in Sources */,
				8B279D331C14C44B0023D244 /* AnimalBannerStyle.swift in Sources */,
				AF6DE9991BC70DBF0001598E /* TestViewController.swift in Sources */,
				AF6DE9951BC70DBF0001598E /* DogBannerView.swift in Sources */,
			);
			runOnlyForDeploymentPostprocessing = 0;
		};
/* End PBXSourcesBuildPhase section */

/* Begin PBXTargetDependency section */
		A09D91E21E78653400FA27F3 /* PBXTargetDependency */ = {
			isa = PBXTargetDependency;
			target = A09D91D81E78653400FA27F3 /* OwlBannersShareDemo */;
			targetProxy = A09D91E11E78653400FA27F3 /* PBXContainerItemProxy */;
		};
		F636B4641CD0182B00A927F2 /* PBXTargetDependency */ = {
			isa = PBXTargetDependency;
			name = OwlBanners;
			targetProxy = F636B4631CD0182B00A927F2 /* PBXContainerItemProxy */;
		};
/* End PBXTargetDependency section */

/* Begin PBXVariantGroup section */
		A09D91DD1E78653400FA27F3 /* MainInterface.storyboard */ = {
			isa = PBXVariantGroup;
			children = (
				A09D91DE1E78653400FA27F3 /* Base */,
			);
			name = MainInterface.storyboard;
			sourceTree = "<group>";
		};
		AF6DE9531BC70CD00001598E /* LaunchScreen.storyboard */ = {
			isa = PBXVariantGroup;
			children = (
				AF6DE9541BC70CD00001598E /* Base */,
			);
			name = LaunchScreen.storyboard;
			sourceTree = "<group>";
		};
/* End PBXVariantGroup section */

/* Begin XCBuildConfiguration section */
		A09D91E51E78653400FA27F3 /* Debug */ = {
			isa = XCBuildConfiguration;
			buildSettings = {
				CLANG_ANALYZER_NONNULL = YES;
				CLANG_WARN_DOCUMENTATION_COMMENTS = YES;
				DEVELOPMENT_TEAM = 48LVUDF3S3;
				INFOPLIST_FILE = OwlBannersShareDemo/Info.plist;
				IPHONEOS_DEPLOYMENT_TARGET = 10.2;
				LD_RUNPATH_SEARCH_PATHS = "$(inherited) @executable_path/Frameworks @executable_path/../../Frameworks";
				PRODUCT_BUNDLE_IDENTIFIER = hootsuite.com.OwlBannersDemo.OwlBannersShareDemo;
				PRODUCT_NAME = "$(TARGET_NAME)";
				SKIP_INSTALL = YES;
				SWIFT_ACTIVE_COMPILATION_CONDITIONS = DEBUG;
				SWIFT_VERSION = 3.0;
			};
			name = Debug;
		};
		A09D91E61E78653400FA27F3 /* Release */ = {
			isa = XCBuildConfiguration;
			buildSettings = {
				CLANG_ANALYZER_NONNULL = YES;
				CLANG_WARN_DOCUMENTATION_COMMENTS = YES;
				DEVELOPMENT_TEAM = 48LVUDF3S3;
				INFOPLIST_FILE = OwlBannersShareDemo/Info.plist;
				IPHONEOS_DEPLOYMENT_TARGET = 10.2;
				LD_RUNPATH_SEARCH_PATHS = "$(inherited) @executable_path/Frameworks @executable_path/../../Frameworks";
				PRODUCT_BUNDLE_IDENTIFIER = hootsuite.com.OwlBannersDemo.OwlBannersShareDemo;
				PRODUCT_NAME = "$(TARGET_NAME)";
				SKIP_INSTALL = YES;
				SWIFT_VERSION = 3.0;
			};
			name = Release;
		};
		AF6DE9571BC70CD00001598E /* Debug */ = {
			isa = XCBuildConfiguration;
			buildSettings = {
				ALWAYS_SEARCH_USER_PATHS = NO;
				CLANG_CXX_LANGUAGE_STANDARD = "gnu++0x";
				CLANG_CXX_LIBRARY = "libc++";
				CLANG_ENABLE_MODULES = YES;
				CLANG_ENABLE_OBJC_ARC = YES;
				CLANG_WARN_BOOL_CONVERSION = YES;
				CLANG_WARN_CONSTANT_CONVERSION = YES;
				CLANG_WARN_DIRECT_OBJC_ISA_USAGE = YES_ERROR;
				CLANG_WARN_EMPTY_BODY = YES;
				CLANG_WARN_ENUM_CONVERSION = YES;
				CLANG_WARN_INFINITE_RECURSION = YES;
				CLANG_WARN_INT_CONVERSION = YES;
				CLANG_WARN_OBJC_ROOT_CLASS = YES_ERROR;
				CLANG_WARN_SUSPICIOUS_MOVE = YES;
				CLANG_WARN_UNREACHABLE_CODE = YES;
				CLANG_WARN__DUPLICATE_METHOD_MATCH = YES;
				"CODE_SIGN_IDENTITY[sdk=iphoneos*]" = "iPhone Developer";
				COPY_PHASE_STRIP = NO;
				DEBUG_INFORMATION_FORMAT = dwarf;
				ENABLE_STRICT_OBJC_MSGSEND = YES;
				ENABLE_TESTABILITY = YES;
				GCC_C_LANGUAGE_STANDARD = gnu99;
				GCC_DYNAMIC_NO_PIC = NO;
				GCC_NO_COMMON_BLOCKS = YES;
				GCC_OPTIMIZATION_LEVEL = 0;
				GCC_PREPROCESSOR_DEFINITIONS = (
					"DEBUG=1",
					"$(inherited)",
				);
				GCC_WARN_64_TO_32_BIT_CONVERSION = YES;
				GCC_WARN_ABOUT_RETURN_TYPE = YES_ERROR;
				GCC_WARN_UNDECLARED_SELECTOR = YES;
				GCC_WARN_UNINITIALIZED_AUTOS = YES_AGGRESSIVE;
				GCC_WARN_UNUSED_FUNCTION = YES;
				GCC_WARN_UNUSED_VARIABLE = YES;
				IPHONEOS_DEPLOYMENT_TARGET = 9.1;
				MTL_ENABLE_DEBUG_INFO = YES;
				ONLY_ACTIVE_ARCH = YES;
				SDKROOT = iphoneos;
				SWIFT_OPTIMIZATION_LEVEL = "-Onone";
				TARGETED_DEVICE_FAMILY = "1,2";
			};
			name = Debug;
		};
		AF6DE9581BC70CD00001598E /* Release */ = {
			isa = XCBuildConfiguration;
			buildSettings = {
				ALWAYS_SEARCH_USER_PATHS = NO;
				CLANG_CXX_LANGUAGE_STANDARD = "gnu++0x";
				CLANG_CXX_LIBRARY = "libc++";
				CLANG_ENABLE_MODULES = YES;
				CLANG_ENABLE_OBJC_ARC = YES;
				CLANG_WARN_BOOL_CONVERSION = YES;
				CLANG_WARN_CONSTANT_CONVERSION = YES;
				CLANG_WARN_DIRECT_OBJC_ISA_USAGE = YES_ERROR;
				CLANG_WARN_EMPTY_BODY = YES;
				CLANG_WARN_ENUM_CONVERSION = YES;
				CLANG_WARN_INFINITE_RECURSION = YES;
				CLANG_WARN_INT_CONVERSION = YES;
				CLANG_WARN_OBJC_ROOT_CLASS = YES_ERROR;
				CLANG_WARN_SUSPICIOUS_MOVE = YES;
				CLANG_WARN_UNREACHABLE_CODE = YES;
				CLANG_WARN__DUPLICATE_METHOD_MATCH = YES;
				"CODE_SIGN_IDENTITY[sdk=iphoneos*]" = "iPhone Developer";
				COPY_PHASE_STRIP = NO;
				DEBUG_INFORMATION_FORMAT = "dwarf-with-dsym";
				ENABLE_NS_ASSERTIONS = NO;
				ENABLE_STRICT_OBJC_MSGSEND = YES;
				GCC_C_LANGUAGE_STANDARD = gnu99;
				GCC_NO_COMMON_BLOCKS = YES;
				GCC_WARN_64_TO_32_BIT_CONVERSION = YES;
				GCC_WARN_ABOUT_RETURN_TYPE = YES_ERROR;
				GCC_WARN_UNDECLARED_SELECTOR = YES;
				GCC_WARN_UNINITIALIZED_AUTOS = YES_AGGRESSIVE;
				GCC_WARN_UNUSED_FUNCTION = YES;
				GCC_WARN_UNUSED_VARIABLE = YES;
				IPHONEOS_DEPLOYMENT_TARGET = 9.1;
				MTL_ENABLE_DEBUG_INFO = NO;
				SDKROOT = iphoneos;
				SWIFT_OPTIMIZATION_LEVEL = "-Owholemodule";
				TARGETED_DEVICE_FAMILY = "1,2";
				VALIDATE_PRODUCT = YES;
			};
			name = Release;
		};
		AF6DE95A1BC70CD00001598E /* Debug */ = {
			isa = XCBuildConfiguration;
			buildSettings = {
				ALWAYS_EMBED_SWIFT_STANDARD_LIBRARIES = YES;
				ASSETCATALOG_COMPILER_APPICON_NAME = AppIcon;
				DEVELOPMENT_TEAM = 48LVUDF3S3;
				INFOPLIST_FILE = OwlBannersDemo/Info.plist;
				IPHONEOS_DEPLOYMENT_TARGET = 9.0;
				LD_RUNPATH_SEARCH_PATHS = "$(inherited) @executable_path/Frameworks";
				PRODUCT_BUNDLE_IDENTIFIER = hootsuite.com.OwlBannersDemo;
				PRODUCT_NAME = "$(TARGET_NAME)";
				SWIFT_VERSION = 3.0;
			};
			name = Debug;
		};
		AF6DE95B1BC70CD00001598E /* Release */ = {
			isa = XCBuildConfiguration;
			buildSettings = {
				ALWAYS_EMBED_SWIFT_STANDARD_LIBRARIES = YES;
				ASSETCATALOG_COMPILER_APPICON_NAME = AppIcon;
				DEVELOPMENT_TEAM = 48LVUDF3S3;
				INFOPLIST_FILE = OwlBannersDemo/Info.plist;
				IPHONEOS_DEPLOYMENT_TARGET = 9.0;
				LD_RUNPATH_SEARCH_PATHS = "$(inherited) @executable_path/Frameworks";
				PRODUCT_BUNDLE_IDENTIFIER = hootsuite.com.OwlBannersDemo;
				PRODUCT_NAME = "$(TARGET_NAME)";
				SWIFT_VERSION = 3.0;
			};
			name = Release;
		};
/* End XCBuildConfiguration section */

/* Begin XCConfigurationList section */
		A09D91E41E78653400FA27F3 /* Build configuration list for PBXNativeTarget "OwlBannersShareDemo" */ = {
			isa = XCConfigurationList;
			buildConfigurations = (
				A09D91E51E78653400FA27F3 /* Debug */,
				A09D91E61E78653400FA27F3 /* Release */,
			);
			defaultConfigurationIsVisible = 0;
		};
		AF6DE9421BC70CD00001598E /* Build configuration list for PBXProject "OwlBannersDemo" */ = {
			isa = XCConfigurationList;
			buildConfigurations = (
				AF6DE9571BC70CD00001598E /* Debug */,
				AF6DE9581BC70CD00001598E /* Release */,
			);
			defaultConfigurationIsVisible = 0;
			defaultConfigurationName = Release;
		};
		AF6DE9591BC70CD00001598E /* Build configuration list for PBXNativeTarget "OwlBannersDemo" */ = {
			isa = XCConfigurationList;
			buildConfigurations = (
				AF6DE95A1BC70CD00001598E /* Debug */,
				AF6DE95B1BC70CD00001598E /* Release */,
			);
			defaultConfigurationIsVisible = 0;
			defaultConfigurationName = Release;
		};
/* End XCConfigurationList section */
	};
	rootObject = AF6DE93F1BC70CD00001598E /* Project object */;
}
